
Microsoft Visual Studio Solution File, Format Version 12.00
# Visual Studio 14
VisualStudioVersion = 14.0.25420.1
MinimumVisualStudioVersion = 10.0.40219.1
Project("{FAE04EC0-301F-11D3-BF4B-00C04F79EFBC}") = "OnlineCalculator", "OnlineCalculator\OnlineCalculator.csproj", "{15540974-9E00-4199-A61A-D10FD4ECFE01}"
EndProject
Project("{FAE04EC0-301F-11D3-BF4B-00C04F79EFBC}") = "CalcUnitTest", "CalcUnitTest\CalcUnitTest.csproj", "{608B0CD1-B663-4D1B-BCF0-4108FD29F168}"
EndProject
Global
	GlobalSection(SolutionConfigurationPlatforms) = preSolution
		Debug|Any CPU = Debug|Any CPU
		Release|Any CPU = Release|Any CPU
	EndGlobalSection
	GlobalSection(ProjectConfigurationPlatforms) = postSolution
		{15540974-9E00-4199-A61A-D10FD4ECFE01}.Debug|Any CPU.ActiveCfg = Debug|Any CPU
		{15540974-9E00-4199-A61A-D10FD4ECFE01}.Debug|Any CPU.Build.0 = Debug|Any CPU
		{15540974-9E00-4199-A61A-D10FD4ECFE01}.Release|Any CPU.ActiveCfg = Release|Any CPU
		{15540974-9E00-4199-A61A-D10FD4ECFE01}.Release|Any CPU.Build.0 = Release|Any CPU
		{608B0CD1-B663-4D1B-BCF0-4108FD29F168}.Debug|Any CPU.ActiveCfg = Debug|Any CPU
		{608B0CD1-B663-4D1B-BCF0-4108FD29F168}.Debug|Any CPU.Build.0 = Debug|Any CPU
		{608B0CD1-B663-4D1B-BCF0-4108FD29F168}.Release|Any CPU.ActiveCfg = Release|Any CPU
		{608B0CD1-B663-4D1B-BCF0-4108FD29F168}.Release|Any CPU.Build.0 = Release|Any CPU
	EndGlobalSection
	GlobalSection(SolutionProperties) = preSolution
		HideSolutionNode = FALSE
	EndGlobalSection
EndGlobal
